
Microsoft Visual Studio Solution File, Format Version 12.00
# Visual Studio Version 17
VisualStudioVersion = 17.8.34511.84
MinimumVisualStudioVersion = 10.0.40219.1
Project("{FAE04EC0-301F-11D3-BF4B-00C04F79EFBC}") = "ToDoApp", "ToDoApp\ToDoApp.csproj", "{A3D85ECF-FB3B-4CE0-A383-9F54EB6EDB6D}"
EndProject
Global
	GlobalSection(SolutionConfigurationPlatforms) = preSolution
		Debug|Any CPU = Debug|Any CPU
		Release|Any CPU = Release|Any CPU
	EndGlobalSection
	GlobalSection(ProjectConfigurationPlatforms) = postSolution
		{A3D85ECF-FB3B-4CE0-A383-9F54EB6EDB6D}.Debug|Any CPU.ActiveCfg = Debug|Any CPU
		{A3D85ECF-FB3B-4CE0-A383-9F54EB6EDB6D}.Debug|Any CPU.Build.0 = Debug|Any CPU
		{A3D85ECF-FB3B-4CE0-A383-9F54EB6EDB6D}.Release|Any CPU.ActiveCfg = Release|Any CPU
		{A3D85ECF-FB3B-4CE0-A383-9F54EB6EDB6D}.Release|Any CPU.Build.0 = Release|Any CPU
	EndGlobalSection
	GlobalSection(SolutionProperties) = preSolution
		HideSolutionNode = FALSE
	EndGlobalSection
	GlobalSection(ExtensibilityGlobals) = postSolution
		SolutionGuid = {AC3A1998-18D2-48A7-B00A-8C58AC485ED8}
	EndGlobalSection
EndGlobal
